
Microsoft Visual Studio Solution File, Format Version 12.00
# Visual Studio 2017
Project("{FAE04EC0-301F-11D3-BF4B-00C04F79EFBC}") = "baby_drum", "baby_drum.csproj", "{78CA717D-BDCD-7867-FD1A-9F7004C6465A}"
EndProject
Global
	GlobalSection(SolutionConfigurationPlatforms) = preSolution
		Debug|Any CPU = Debug|Any CPU
		Release|Any CPU = Release|Any CPU
	EndGlobalSection
	GlobalSection(ProjectConfigurationPlatforms) = postSolution
		{78CA717D-BDCD-7867-FD1A-9F7004C6465A}.Debug|Any CPU.ActiveCfg = Debug|Any CPU
		{78CA717D-BDCD-7867-FD1A-9F7004C6465A}.Debug|Any CPU.Build.0 = Debug|Any CPU
		{78CA717D-BDCD-7867-FD1A-9F7004C6465A}.Release|Any CPU.ActiveCfg = Release|Any CPU
		{78CA717D-BDCD-7867-FD1A-9F7004C6465A}.Release|Any CPU.Build.0 = Release|Any CPU
	EndGlobalSection
	GlobalSection(SolutionProperties) = preSolution
		HideSolutionNode = FALSE
	EndGlobalSection
EndGlobal
